
Microsoft Visual Studio Solution File, Format Version 12.00
# Visual Studio 15
VisualStudioVersion = 15.0.27130.2027
MinimumVisualStudioVersion = 10.0.40219.1
Project("{888888A0-9F3D-457C-B088-3A5042F75D52}") = "HackingUniversity_ExampleProgram4_project4", "HackingUniversity_ExampleProgram4_project4\HackingUniversity_ExampleProgram4_project4.pyproj", "{F66A2828-EA6E-4C18-AD82-3293E52D323B}"
EndProject
Global
	GlobalSection(SolutionConfigurationPlatforms) = preSolution
		Debug|Any CPU = Debug|Any CPU
		Release|Any CPU = Release|Any CPU
	EndGlobalSection
	GlobalSection(ProjectConfigurationPlatforms) = postSolution
		{F66A2828-EA6E-4C18-AD82-3293E52D323B}.Debug|Any CPU.ActiveCfg = Debug|Any CPU
		{F66A2828-EA6E-4C18-AD82-3293E52D323B}.Release|Any CPU.ActiveCfg = Release|Any CPU
	EndGlobalSection
	GlobalSection(SolutionProperties) = preSolution
		HideSolutionNode = FALSE
	EndGlobalSection
	GlobalSection(ExtensibilityGlobals) = postSolution
		SolutionGuid = {F7ABF0A9-868B-4814-BCEC-806BA70628FA}
	EndGlobalSection
EndGlobal
