
Microsoft Visual Studio Solution File, Format Version 12.00
# Visual Studio 15
VisualStudioVersion = 15.0.27130.2027
MinimumVisualStudioVersion = 10.0.40219.1
Project("{888888A0-9F3D-457C-B088-3A5042F75D52}") = "Futval.py", "Futval.py\Futval.py.pyproj", "{E8453E40-70C7-47A2-966F-CB5EAEDBF22F}"
EndProject
Global
	GlobalSection(SolutionConfigurationPlatforms) = preSolution
		Debug|Any CPU = Debug|Any CPU
		Release|Any CPU = Release|Any CPU
	EndGlobalSection
	GlobalSection(ProjectConfigurationPlatforms) = postSolution
		{E8453E40-70C7-47A2-966F-CB5EAEDBF22F}.Debug|Any CPU.ActiveCfg = Debug|Any CPU
		{E8453E40-70C7-47A2-966F-CB5EAEDBF22F}.Release|Any CPU.ActiveCfg = Release|Any CPU
	EndGlobalSection
	GlobalSection(SolutionProperties) = preSolution
		HideSolutionNode = FALSE
	EndGlobalSection
	GlobalSection(ExtensibilityGlobals) = postSolution
		SolutionGuid = {715B0CDC-F5B5-48E3-95D3-EC19CD4438D1}
	EndGlobalSection
EndGlobal
