
Microsoft Visual Studio Solution File, Format Version 12.00
# Visual Studio 15
VisualStudioVersion = 15.0.27130.2027
MinimumVisualStudioVersion = 10.0.40219.1
Project("{888888A0-9F3D-457C-B088-3A5042F75D52}") = "test24_26", "test24_26\test24_26.pyproj", "{30BBD586-B45E-4110-A4D7-81332788F03B}"
EndProject
Global
	GlobalSection(SolutionConfigurationPlatforms) = preSolution
		Debug|Any CPU = Debug|Any CPU
		Release|Any CPU = Release|Any CPU
	EndGlobalSection
	GlobalSection(ProjectConfigurationPlatforms) = postSolution
		{30BBD586-B45E-4110-A4D7-81332788F03B}.Debug|Any CPU.ActiveCfg = Debug|Any CPU
		{30BBD586-B45E-4110-A4D7-81332788F03B}.Release|Any CPU.ActiveCfg = Release|Any CPU
	EndGlobalSection
	GlobalSection(SolutionProperties) = preSolution
		HideSolutionNode = FALSE
	EndGlobalSection
	GlobalSection(ExtensibilityGlobals) = postSolution
		SolutionGuid = {793E95D5-8B32-4E26-A48C-4E3590874C41}
	EndGlobalSection
EndGlobal
