
Microsoft Visual Studio Solution File, Format Version 12.00
# Visual Studio 15
VisualStudioVersion = 15.0.27130.2027
MinimumVisualStudioVersion = 10.0.40219.1
Project("{888888A0-9F3D-457C-B088-3A5042F75D52}") = "proj1_Kwc", "proj1_Kwc\proj1_Kwc.pyproj", "{5EF257A7-522B-422B-90BA-3948810EF46E}"
EndProject
Global
	GlobalSection(SolutionConfigurationPlatforms) = preSolution
		Debug|Any CPU = Debug|Any CPU
		Release|Any CPU = Release|Any CPU
	EndGlobalSection
	GlobalSection(ProjectConfigurationPlatforms) = postSolution
		{5EF257A7-522B-422B-90BA-3948810EF46E}.Debug|Any CPU.ActiveCfg = Debug|Any CPU
		{5EF257A7-522B-422B-90BA-3948810EF46E}.Release|Any CPU.ActiveCfg = Release|Any CPU
	EndGlobalSection
	GlobalSection(SolutionProperties) = preSolution
		HideSolutionNode = FALSE
	EndGlobalSection
	GlobalSection(ExtensibilityGlobals) = postSolution
		SolutionGuid = {921C9C07-1291-40D9-BE89-B1F435436FF4}
	EndGlobalSection
EndGlobal
