
Microsoft Visual Studio Solution File, Format Version 12.00
# Visual Studio 15
VisualStudioVersion = 15.0.27130.2027
MinimumVisualStudioVersion = 10.0.40219.1
Project("{888888A0-9F3D-457C-B088-3A5042F75D52}") = "month2.py", "month2.py\month2.py.pyproj", "{F40D3B3F-0587-4116-93A0-782DC85019D9}"
EndProject
Global
	GlobalSection(SolutionConfigurationPlatforms) = preSolution
		Debug|Any CPU = Debug|Any CPU
		Release|Any CPU = Release|Any CPU
	EndGlobalSection
	GlobalSection(ProjectConfigurationPlatforms) = postSolution
		{F40D3B3F-0587-4116-93A0-782DC85019D9}.Debug|Any CPU.ActiveCfg = Debug|Any CPU
		{F40D3B3F-0587-4116-93A0-782DC85019D9}.Release|Any CPU.ActiveCfg = Release|Any CPU
	EndGlobalSection
	GlobalSection(SolutionProperties) = preSolution
		HideSolutionNode = FALSE
	EndGlobalSection
	GlobalSection(ExtensibilityGlobals) = postSolution
		SolutionGuid = {B7E5D96A-CAA9-4115-A395-E852246F287F}
	EndGlobalSection
EndGlobal
