
Microsoft Visual Studio Solution File, Format Version 12.00
# Visual Studio 15
VisualStudioVersion = 15.0.27130.2027
MinimumVisualStudioVersion = 10.0.40219.1
Project("{888888A0-9F3D-457C-B088-3A5042F75D52}") = "Chaos_2", "Chaos_2\Chaos_2.pyproj", "{A368A184-0D29-483B-B7D1-D44A4772DF1A}"
EndProject
Global
	GlobalSection(SolutionConfigurationPlatforms) = preSolution
		Debug|Any CPU = Debug|Any CPU
		Release|Any CPU = Release|Any CPU
	EndGlobalSection
	GlobalSection(ProjectConfigurationPlatforms) = postSolution
		{A368A184-0D29-483B-B7D1-D44A4772DF1A}.Debug|Any CPU.ActiveCfg = Debug|Any CPU
		{A368A184-0D29-483B-B7D1-D44A4772DF1A}.Release|Any CPU.ActiveCfg = Release|Any CPU
	EndGlobalSection
	GlobalSection(SolutionProperties) = preSolution
		HideSolutionNode = FALSE
	EndGlobalSection
	GlobalSection(ExtensibilityGlobals) = postSolution
		SolutionGuid = {E959F072-5E58-43D4-9BBD-5F775C4602E0}
	EndGlobalSection
EndGlobal
