
Microsoft Visual Studio Solution File, Format Version 12.00
# Visual Studio 15
VisualStudioVersion = 15.0.27130.2027
MinimumVisualStudioVersion = 10.0.40219.1
Project("{888888A0-9F3D-457C-B088-3A5042F75D52}") = "dateconvert2", "dateconvert2\dateconvert2.pyproj", "{8920C1D9-D216-4A34-9135-E1B1258E9848}"
EndProject
Global
	GlobalSection(SolutionConfigurationPlatforms) = preSolution
		Debug|Any CPU = Debug|Any CPU
		Release|Any CPU = Release|Any CPU
	EndGlobalSection
	GlobalSection(ProjectConfigurationPlatforms) = postSolution
		{8920C1D9-D216-4A34-9135-E1B1258E9848}.Debug|Any CPU.ActiveCfg = Debug|Any CPU
		{8920C1D9-D216-4A34-9135-E1B1258E9848}.Release|Any CPU.ActiveCfg = Release|Any CPU
	EndGlobalSection
	GlobalSection(SolutionProperties) = preSolution
		HideSolutionNode = FALSE
	EndGlobalSection
	GlobalSection(ExtensibilityGlobals) = postSolution
		SolutionGuid = {3D39E834-563A-4AC9-9EEF-A719C64E87AD}
	EndGlobalSection
EndGlobal
