
Microsoft Visual Studio Solution File, Format Version 12.00
# Visual Studio 15
VisualStudioVersion = 15.0.27130.2027
MinimumVisualStudioVersion = 10.0.40219.1
Project("{888888A0-9F3D-457C-B088-3A5042F75D52}") = "convert_gui.pyw", "convert_gui.pyw\convert_gui.pyw.pyproj", "{60F7FF5A-848D-43F1-9F1D-5C14C58FFE38}"
EndProject
Global
	GlobalSection(SolutionConfigurationPlatforms) = preSolution
		Debug|Any CPU = Debug|Any CPU
		Release|Any CPU = Release|Any CPU
	EndGlobalSection
	GlobalSection(ProjectConfigurationPlatforms) = postSolution
		{60F7FF5A-848D-43F1-9F1D-5C14C58FFE38}.Debug|Any CPU.ActiveCfg = Debug|Any CPU
		{60F7FF5A-848D-43F1-9F1D-5C14C58FFE38}.Release|Any CPU.ActiveCfg = Release|Any CPU
	EndGlobalSection
	GlobalSection(SolutionProperties) = preSolution
		HideSolutionNode = FALSE
	EndGlobalSection
	GlobalSection(ExtensibilityGlobals) = postSolution
		SolutionGuid = {1B7EB99B-F8C0-4489-8812-6C011B09C3BF}
	EndGlobalSection
EndGlobal
