
Microsoft Visual Studio Solution File, Format Version 12.00
# Visual Studio 15
VisualStudioVersion = 15.0.27130.2027
MinimumVisualStudioVersion = 10.0.40219.1
Project("{888888A0-9F3D-457C-B088-3A5042F75D52}") = "numbers2text2", "numbers2text2\numbers2text2.pyproj", "{DB4EE34D-52BC-4015-B7AD-C3CBE6260A3F}"
EndProject
Global
	GlobalSection(SolutionConfigurationPlatforms) = preSolution
		Debug|Any CPU = Debug|Any CPU
		Release|Any CPU = Release|Any CPU
	EndGlobalSection
	GlobalSection(ProjectConfigurationPlatforms) = postSolution
		{DB4EE34D-52BC-4015-B7AD-C3CBE6260A3F}.Debug|Any CPU.ActiveCfg = Debug|Any CPU
		{DB4EE34D-52BC-4015-B7AD-C3CBE6260A3F}.Release|Any CPU.ActiveCfg = Release|Any CPU
	EndGlobalSection
	GlobalSection(SolutionProperties) = preSolution
		HideSolutionNode = FALSE
	EndGlobalSection
	GlobalSection(ExtensibilityGlobals) = postSolution
		SolutionGuid = {CCFC2A85-726F-415D-A548-DA4C32D85051}
	EndGlobalSection
EndGlobal
