
Microsoft Visual Studio Solution File, Format Version 12.00
# Visual Studio 15
VisualStudioVersion = 15.0.27130.2027
MinimumVisualStudioVersion = 10.0.40219.1
Project("{888888A0-9F3D-457C-B088-3A5042F75D52}") = "Chaos", "Chaos\Chaos.pyproj", "{F9B5CDDF-6440-41A3-AEB5-F6F0CA2F75F0}"
EndProject
Global
	GlobalSection(SolutionConfigurationPlatforms) = preSolution
		Debug|Any CPU = Debug|Any CPU
		Release|Any CPU = Release|Any CPU
	EndGlobalSection
	GlobalSection(ProjectConfigurationPlatforms) = postSolution
		{F9B5CDDF-6440-41A3-AEB5-F6F0CA2F75F0}.Debug|Any CPU.ActiveCfg = Debug|Any CPU
		{F9B5CDDF-6440-41A3-AEB5-F6F0CA2F75F0}.Release|Any CPU.ActiveCfg = Release|Any CPU
	EndGlobalSection
	GlobalSection(SolutionProperties) = preSolution
		HideSolutionNode = FALSE
	EndGlobalSection
	GlobalSection(ExtensibilityGlobals) = postSolution
		SolutionGuid = {64EA71DC-CF4F-4F2F-A256-A195D1DFB7E6}
	EndGlobalSection
EndGlobal
