
Microsoft Visual Studio Solution File, Format Version 12.00
# Visual Studio 15
VisualStudioVersion = 15.0.27130.2027
MinimumVisualStudioVersion = 10.0.40219.1
Project("{888888A0-9F3D-457C-B088-3A5042F75D52}") = "GreetingEx1", "GreetingEx1\GreetingEx1.pyproj", "{8365864B-E674-487D-A955-B7C1F730AD1E}"
EndProject
Global
	GlobalSection(SolutionConfigurationPlatforms) = preSolution
		Debug|Any CPU = Debug|Any CPU
		Release|Any CPU = Release|Any CPU
	EndGlobalSection
	GlobalSection(ProjectConfigurationPlatforms) = postSolution
		{8365864B-E674-487D-A955-B7C1F730AD1E}.Debug|Any CPU.ActiveCfg = Debug|Any CPU
		{8365864B-E674-487D-A955-B7C1F730AD1E}.Release|Any CPU.ActiveCfg = Release|Any CPU
	EndGlobalSection
	GlobalSection(SolutionProperties) = preSolution
		HideSolutionNode = FALSE
	EndGlobalSection
	GlobalSection(ExtensibilityGlobals) = postSolution
		SolutionGuid = {6393C6A5-D3DD-4731-AA12-6E67F8BFFA86}
	EndGlobalSection
EndGlobal
