
Microsoft Visual Studio Solution File, Format Version 12.00
# Visual Studio 15
VisualStudioVersion = 15.0.27130.2027
MinimumVisualStudioVersion = 10.0.40219.1
Project("{888888A0-9F3D-457C-B088-3A5042F75D52}") = "testnew", "testnew\testnew.pyproj", "{088ACF4F-94D4-4DB0-B2B4-EE45C536F5DB}"
EndProject
Global
	GlobalSection(SolutionConfigurationPlatforms) = preSolution
		Debug|Any CPU = Debug|Any CPU
		Release|Any CPU = Release|Any CPU
	EndGlobalSection
	GlobalSection(ProjectConfigurationPlatforms) = postSolution
		{088ACF4F-94D4-4DB0-B2B4-EE45C536F5DB}.Debug|Any CPU.ActiveCfg = Debug|Any CPU
		{088ACF4F-94D4-4DB0-B2B4-EE45C536F5DB}.Release|Any CPU.ActiveCfg = Release|Any CPU
	EndGlobalSection
	GlobalSection(SolutionProperties) = preSolution
		HideSolutionNode = FALSE
	EndGlobalSection
	GlobalSection(ExtensibilityGlobals) = postSolution
		SolutionGuid = {4946F592-DAE0-4544-9D8B-74C77C5B583C}
	EndGlobalSection
EndGlobal
