
Microsoft Visual Studio Solution File, Format Version 12.00
# Visual Studio 15
VisualStudioVersion = 15.0.27130.2027
MinimumVisualStudioVersion = 10.0.40219.1
Project("{888888A0-9F3D-457C-B088-3A5042F75D52}") = "average7", "average7\average7.pyproj", "{E6BCBF50-CF6F-4F1D-AB79-35795184C6A3}"
EndProject
Global
	GlobalSection(SolutionConfigurationPlatforms) = preSolution
		Debug|Any CPU = Debug|Any CPU
		Release|Any CPU = Release|Any CPU
	EndGlobalSection
	GlobalSection(ProjectConfigurationPlatforms) = postSolution
		{E6BCBF50-CF6F-4F1D-AB79-35795184C6A3}.Debug|Any CPU.ActiveCfg = Debug|Any CPU
		{E6BCBF50-CF6F-4F1D-AB79-35795184C6A3}.Release|Any CPU.ActiveCfg = Release|Any CPU
	EndGlobalSection
	GlobalSection(SolutionProperties) = preSolution
		HideSolutionNode = FALSE
	EndGlobalSection
	GlobalSection(ExtensibilityGlobals) = postSolution
		SolutionGuid = {142C8D42-971C-4308-9383-FA163E285653}
	EndGlobalSection
EndGlobal
