
Microsoft Visual Studio Solution File, Format Version 12.00
# Visual Studio 15
VisualStudioVersion = 15.0.27130.2027
MinimumVisualStudioVersion = 10.0.40219.1
Project("{888888A0-9F3D-457C-B088-3A5042F75D52}") = "mousclicks", "mousclicks\mousclicks.pyproj", "{4BA0F207-8765-40C4-8615-53838097C3FB}"
EndProject
Global
	GlobalSection(SolutionConfigurationPlatforms) = preSolution
		Debug|Any CPU = Debug|Any CPU
		Release|Any CPU = Release|Any CPU
	EndGlobalSection
	GlobalSection(ProjectConfigurationPlatforms) = postSolution
		{4BA0F207-8765-40C4-8615-53838097C3FB}.Debug|Any CPU.ActiveCfg = Debug|Any CPU
		{4BA0F207-8765-40C4-8615-53838097C3FB}.Release|Any CPU.ActiveCfg = Release|Any CPU
	EndGlobalSection
	GlobalSection(SolutionProperties) = preSolution
		HideSolutionNode = FALSE
	EndGlobalSection
	GlobalSection(ExtensibilityGlobals) = postSolution
		SolutionGuid = {16A7AC55-7042-404B-A75F-E09D29E4783C}
	EndGlobalSection
EndGlobal
