
Microsoft Visual Studio Solution File, Format Version 12.00
# Visual Studio 15
VisualStudioVersion = 15.0.27130.2027
MinimumVisualStudioVersion = 10.0.40219.1
Project("{888888A0-9F3D-457C-B088-3A5042F75D52}") = "cball3", "cball3\cball3.pyproj", "{C100E526-5EF4-4A6C-BE95-38152300652A}"
EndProject
Global
	GlobalSection(SolutionConfigurationPlatforms) = preSolution
		Debug|Any CPU = Debug|Any CPU
		Release|Any CPU = Release|Any CPU
	EndGlobalSection
	GlobalSection(ProjectConfigurationPlatforms) = postSolution
		{C100E526-5EF4-4A6C-BE95-38152300652A}.Debug|Any CPU.ActiveCfg = Debug|Any CPU
		{C100E526-5EF4-4A6C-BE95-38152300652A}.Release|Any CPU.ActiveCfg = Release|Any CPU
	EndGlobalSection
	GlobalSection(SolutionProperties) = preSolution
		HideSolutionNode = FALSE
	EndGlobalSection
	GlobalSection(ExtensibilityGlobals) = postSolution
		SolutionGuid = {350AF876-81BA-464A-AD7F-61B68B291337}
	EndGlobalSection
EndGlobal
