
Microsoft Visual Studio Solution File, Format Version 12.00
# Visual Studio 15
VisualStudioVersion = 15.0.27130.2027
MinimumVisualStudioVersion = 10.0.40219.1
Project("{888888A0-9F3D-457C-B088-3A5042F75D52}") = "HackingU_Homeworkproblem_whileloop", "HackingU_Homeworkproblem_whileloop\HackingU_Homeworkproblem_whileloop.pyproj", "{51A3CD4D-A4C0-40CA-98AA-52AE4F915872}"
EndProject
Global
	GlobalSection(SolutionConfigurationPlatforms) = preSolution
		Debug|Any CPU = Debug|Any CPU
		Release|Any CPU = Release|Any CPU
	EndGlobalSection
	GlobalSection(ProjectConfigurationPlatforms) = postSolution
		{51A3CD4D-A4C0-40CA-98AA-52AE4F915872}.Debug|Any CPU.ActiveCfg = Debug|Any CPU
		{51A3CD4D-A4C0-40CA-98AA-52AE4F915872}.Release|Any CPU.ActiveCfg = Release|Any CPU
	EndGlobalSection
	GlobalSection(SolutionProperties) = preSolution
		HideSolutionNode = FALSE
	EndGlobalSection
	GlobalSection(ExtensibilityGlobals) = postSolution
		SolutionGuid = {DF57E7B0-75BA-49B9-9DFD-570E7D59CF93}
	EndGlobalSection
EndGlobal
