
Microsoft Visual Studio Solution File, Format Version 12.00
# Visual Studio 15
VisualStudioVersion = 15.0.27130.2027
MinimumVisualStudioVersion = 10.0.40219.1
Project("{888888A0-9F3D-457C-B088-3A5042F75D52}") = "test1_37", "test1_37\test1_37.pyproj", "{5ED36398-9329-41B3-8B46-4BB7672A5AF3}"
EndProject
Global
	GlobalSection(SolutionConfigurationPlatforms) = preSolution
		Debug|Any CPU = Debug|Any CPU
		Release|Any CPU = Release|Any CPU
	EndGlobalSection
	GlobalSection(ProjectConfigurationPlatforms) = postSolution
		{5ED36398-9329-41B3-8B46-4BB7672A5AF3}.Debug|Any CPU.ActiveCfg = Debug|Any CPU
		{5ED36398-9329-41B3-8B46-4BB7672A5AF3}.Release|Any CPU.ActiveCfg = Release|Any CPU
	EndGlobalSection
	GlobalSection(SolutionProperties) = preSolution
		HideSolutionNode = FALSE
	EndGlobalSection
	GlobalSection(ExtensibilityGlobals) = postSolution
		SolutionGuid = {33AC0979-E6A6-478F-918B-749FF073B7F5}
	EndGlobalSection
EndGlobal
