
Microsoft Visual Studio Solution File, Format Version 12.00
# Visual Studio 15
VisualStudioVersion = 15.0.27130.2027
MinimumVisualStudioVersion = 10.0.40219.1
Project("{888888A0-9F3D-457C-B088-3A5042F75D52}") = "HackingUniversity_Homework1", "HackingUniversity_Homework1\HackingUniversity_Homework1.pyproj", "{83E85461-00F7-4CD8-8141-8C8A144AC058}"
EndProject
Global
	GlobalSection(SolutionConfigurationPlatforms) = preSolution
		Debug|Any CPU = Debug|Any CPU
		Release|Any CPU = Release|Any CPU
	EndGlobalSection
	GlobalSection(ProjectConfigurationPlatforms) = postSolution
		{83E85461-00F7-4CD8-8141-8C8A144AC058}.Debug|Any CPU.ActiveCfg = Debug|Any CPU
		{83E85461-00F7-4CD8-8141-8C8A144AC058}.Release|Any CPU.ActiveCfg = Release|Any CPU
	EndGlobalSection
	GlobalSection(SolutionProperties) = preSolution
		HideSolutionNode = FALSE
	EndGlobalSection
	GlobalSection(ExtensibilityGlobals) = postSolution
		SolutionGuid = {7B7C0BB3-DA7D-4608-87A6-0ABB0F4E40EB}
	EndGlobalSection
EndGlobal
