
Microsoft Visual Studio Solution File, Format Version 12.00
# Visual Studio 15
VisualStudioVersion = 15.0.27130.2027
MinimumVisualStudioVersion = 10.0.40219.1
Project("{888888A0-9F3D-457C-B088-3A5042F75D52}") = "button", "button\button.pyproj", "{D8DE1AAD-7408-425A-A63B-F72D86AB57D2}"
EndProject
Global
	GlobalSection(SolutionConfigurationPlatforms) = preSolution
		Debug|Any CPU = Debug|Any CPU
		Release|Any CPU = Release|Any CPU
	EndGlobalSection
	GlobalSection(ProjectConfigurationPlatforms) = postSolution
		{D8DE1AAD-7408-425A-A63B-F72D86AB57D2}.Debug|Any CPU.ActiveCfg = Debug|Any CPU
		{D8DE1AAD-7408-425A-A63B-F72D86AB57D2}.Release|Any CPU.ActiveCfg = Release|Any CPU
	EndGlobalSection
	GlobalSection(SolutionProperties) = preSolution
		HideSolutionNode = FALSE
	EndGlobalSection
	GlobalSection(ExtensibilityGlobals) = postSolution
		SolutionGuid = {0ACBA927-60BF-45A2-8937-297AEB2D0B36}
	EndGlobalSection
EndGlobal
