
Microsoft Visual Studio Solution File, Format Version 12.00
# Visual Studio 15
VisualStudioVersion = 15.0.27130.2027
MinimumVisualStudioVersion = 10.0.40219.1
Project("{888888A0-9F3D-457C-B088-3A5042F75D52}") = "proj4_kwc", "proj4_kwc\proj4_kwc.pyproj", "{F35EAFA2-D0D4-4EBF-A98C-DBF2DCFE8516}"
EndProject
Global
	GlobalSection(SolutionConfigurationPlatforms) = preSolution
		Debug|Any CPU = Debug|Any CPU
		Release|Any CPU = Release|Any CPU
	EndGlobalSection
	GlobalSection(ProjectConfigurationPlatforms) = postSolution
		{F35EAFA2-D0D4-4EBF-A98C-DBF2DCFE8516}.Debug|Any CPU.ActiveCfg = Debug|Any CPU
		{F35EAFA2-D0D4-4EBF-A98C-DBF2DCFE8516}.Release|Any CPU.ActiveCfg = Release|Any CPU
	EndGlobalSection
	GlobalSection(SolutionProperties) = preSolution
		HideSolutionNode = FALSE
	EndGlobalSection
	GlobalSection(ExtensibilityGlobals) = postSolution
		SolutionGuid = {5BAAAADA-BF40-44F2-A0CF-69694105F561}
	EndGlobalSection
EndGlobal
