
Microsoft Visual Studio Solution File, Format Version 12.00
# Visual Studio 15
VisualStudioVersion = 15.0.27130.2027
MinimumVisualStudioVersion = 10.0.40219.1
Project("{888888A0-9F3D-457C-B088-3A5042F75D52}") = "month2_2.py", "PythonApplication2\month2_2.py.pyproj", "{7ED4B97C-54D0-4DD8-B99F-D9F8E2B8DD52}"
EndProject
Global
	GlobalSection(SolutionConfigurationPlatforms) = preSolution
		Debug|Any CPU = Debug|Any CPU
		Release|Any CPU = Release|Any CPU
	EndGlobalSection
	GlobalSection(ProjectConfigurationPlatforms) = postSolution
		{7ED4B97C-54D0-4DD8-B99F-D9F8E2B8DD52}.Debug|Any CPU.ActiveCfg = Debug|Any CPU
		{7ED4B97C-54D0-4DD8-B99F-D9F8E2B8DD52}.Release|Any CPU.ActiveCfg = Release|Any CPU
	EndGlobalSection
	GlobalSection(SolutionProperties) = preSolution
		HideSolutionNode = FALSE
	EndGlobalSection
	GlobalSection(ExtensibilityGlobals) = postSolution
		SolutionGuid = {B94AE66D-DA92-4E3B-AD47-06CCDB21F5AD}
	EndGlobalSection
EndGlobal
