
Microsoft Visual Studio Solution File, Format Version 12.00
# Visual Studio 15
VisualStudioVersion = 15.0.27130.2027
MinimumVisualStudioVersion = 10.0.40219.1
Project("{888888A0-9F3D-457C-B088-3A5042F75D52}") = "HackingConditional", "HackingConditional\HackingConditional.pyproj", "{AE5273BB-1E6B-4343-8A99-4B1C171F5D32}"
EndProject
Global
	GlobalSection(SolutionConfigurationPlatforms) = preSolution
		Debug|Any CPU = Debug|Any CPU
		Release|Any CPU = Release|Any CPU
	EndGlobalSection
	GlobalSection(ProjectConfigurationPlatforms) = postSolution
		{AE5273BB-1E6B-4343-8A99-4B1C171F5D32}.Debug|Any CPU.ActiveCfg = Debug|Any CPU
		{AE5273BB-1E6B-4343-8A99-4B1C171F5D32}.Release|Any CPU.ActiveCfg = Release|Any CPU
	EndGlobalSection
	GlobalSection(SolutionProperties) = preSolution
		HideSolutionNode = FALSE
	EndGlobalSection
	GlobalSection(ExtensibilityGlobals) = postSolution
		SolutionGuid = {6AAA6CB3-EEE0-41FF-B74C-C5DA15139E56}
	EndGlobalSection
EndGlobal
