
Microsoft Visual Studio Solution File, Format Version 12.00
# Visual Studio 15
VisualStudioVersion = 15.0.27130.2027
MinimumVisualStudioVersion = 10.0.40219.1
Project("{888888A0-9F3D-457C-B088-3A5042F75D52}") = "euclids", "euclids\euclids.pyproj", "{D4BFAE8D-21C2-4E0F-BBD7-2C18793A1EEE}"
EndProject
Global
	GlobalSection(SolutionConfigurationPlatforms) = preSolution
		Debug|Any CPU = Debug|Any CPU
		Release|Any CPU = Release|Any CPU
	EndGlobalSection
	GlobalSection(ProjectConfigurationPlatforms) = postSolution
		{D4BFAE8D-21C2-4E0F-BBD7-2C18793A1EEE}.Debug|Any CPU.ActiveCfg = Debug|Any CPU
		{D4BFAE8D-21C2-4E0F-BBD7-2C18793A1EEE}.Release|Any CPU.ActiveCfg = Release|Any CPU
	EndGlobalSection
	GlobalSection(SolutionProperties) = preSolution
		HideSolutionNode = FALSE
	EndGlobalSection
	GlobalSection(ExtensibilityGlobals) = postSolution
		SolutionGuid = {685CDA97-8E28-4719-A232-E07EE819DF26}
	EndGlobalSection
EndGlobal
