
Microsoft Visual Studio Solution File, Format Version 12.00
# Visual Studio 15
VisualStudioVersion = 15.0.27130.2027
MinimumVisualStudioVersion = 10.0.40219.1
Project("{888888A0-9F3D-457C-B088-3A5042F75D52}") = "traingle.pyw", "traingle.pyw\traingle.pyw.pyproj", "{72F1758E-73C3-4BEC-B77C-F860169F2B8E}"
EndProject
Global
	GlobalSection(SolutionConfigurationPlatforms) = preSolution
		Debug|Any CPU = Debug|Any CPU
		Release|Any CPU = Release|Any CPU
	EndGlobalSection
	GlobalSection(ProjectConfigurationPlatforms) = postSolution
		{72F1758E-73C3-4BEC-B77C-F860169F2B8E}.Debug|Any CPU.ActiveCfg = Debug|Any CPU
		{72F1758E-73C3-4BEC-B77C-F860169F2B8E}.Release|Any CPU.ActiveCfg = Release|Any CPU
	EndGlobalSection
	GlobalSection(SolutionProperties) = preSolution
		HideSolutionNode = FALSE
	EndGlobalSection
	GlobalSection(ExtensibilityGlobals) = postSolution
		SolutionGuid = {39FBC147-980C-4C3F-825E-428ECBB9F341}
	EndGlobalSection
EndGlobal
